
Microsoft Visual Studio Solution File, Format Version 12.00
# Visual Studio Version 16
VisualStudioVersion = 16.0.30711.63
MinimumVisualStudioVersion = 10.0.40219.1
Project("{FAE04EC0-301F-11D3-BF4B-00C04F79EFBC}") = "Work1.1", "Work1.1\Work1.1.csproj", "{4C7400F5-2046-4A42-8F66-7C23499F77C4}"
EndProject
Project("{FAE04EC0-301F-11D3-BF4B-00C04F79EFBC}") = "Work1.2", "Work1.2\Work1.2.csproj", "{05E40337-13F1-4E11-BCD9-7CDAEADF3E52}"
EndProject
Project("{FAE04EC0-301F-11D3-BF4B-00C04F79EFBC}") = "Work1.3", "Work1.3\Work1.3.csproj", "{06009743-D41C-4962-8125-BB410DE6EDCE}"
EndProject
Project("{FAE04EC0-301F-11D3-BF4B-00C04F79EFBC}") = "Work1.4", "Work1.4\Work1.4.csproj", "{B8D821F8-9B78-4B66-B0CC-B74DF99C6D1C}"
EndProject
Project("{FAE04EC0-301F-11D3-BF4B-00C04F79EFBC}") = "Work1.5", "Work1.5\Work1.5.csproj", "{6C136879-4ABB-4E71-AD10-62AF892FBA96}"
EndProject
Project("{FAE04EC0-301F-11D3-BF4B-00C04F79EFBC}") = "Work1.6", "Work1.6\Work1.6.csproj", "{D5DF5E5E-34FD-4D9B-A3AB-09B44BD96BA2}"
EndProject
Project("{FAE04EC0-301F-11D3-BF4B-00C04F79EFBC}") = "Work1.7", "Work1.7\Work1.7.csproj", "{CEF21E4C-C7CB-4F9F-B29E-2A812ED2A2A1}"
EndProject
Project("{FAE04EC0-301F-11D3-BF4B-00C04F79EFBC}") = "Work1.8", "Work1.8\Work1.8.csproj", "{C6F62DA7-E020-4C09-818A-E698CB277CF7}"
EndProject
Project("{FAE04EC0-301F-11D3-BF4B-00C04F79EFBC}") = "Work1.9", "Work1.9\Work1.9.csproj", "{5F61C1A6-43F3-4087-8527-6DC514D0A09D}"
EndProject
Project("{FAE04EC0-301F-11D3-BF4B-00C04F79EFBC}") = "Work1.10", "Work1.10\Work1.10.csproj", "{8798E215-6569-494C-BE70-D9CACC790DCC}"
EndProject
Global
	GlobalSection(SolutionConfigurationPlatforms) = preSolution
		Debug|Any CPU = Debug|Any CPU
		Release|Any CPU = Release|Any CPU
	EndGlobalSection
	GlobalSection(ProjectConfigurationPlatforms) = postSolution
		{4C7400F5-2046-4A42-8F66-7C23499F77C4}.Debug|Any CPU.ActiveCfg = Debug|Any CPU
		{4C7400F5-2046-4A42-8F66-7C23499F77C4}.Debug|Any CPU.Build.0 = Debug|Any CPU
		{4C7400F5-2046-4A42-8F66-7C23499F77C4}.Release|Any CPU.ActiveCfg = Release|Any CPU
		{4C7400F5-2046-4A42-8F66-7C23499F77C4}.Release|Any CPU.Build.0 = Release|Any CPU
		{05E40337-13F1-4E11-BCD9-7CDAEADF3E52}.Debug|Any CPU.ActiveCfg = Debug|Any CPU
		{05E40337-13F1-4E11-BCD9-7CDAEADF3E52}.Debug|Any CPU.Build.0 = Debug|Any CPU
		{05E40337-13F1-4E11-BCD9-7CDAEADF3E52}.Release|Any CPU.ActiveCfg = Release|Any CPU
		{05E40337-13F1-4E11-BCD9-7CDAEADF3E52}.Release|Any CPU.Build.0 = Release|Any CPU
		{06009743-D41C-4962-8125-BB410DE6EDCE}.Debug|Any CPU.ActiveCfg = Debug|Any CPU
		{06009743-D41C-4962-8125-BB410DE6EDCE}.Debug|Any CPU.Build.0 = Debug|Any CPU
		{06009743-D41C-4962-8125-BB410DE6EDCE}.Release|Any CPU.ActiveCfg = Release|Any CPU
		{06009743-D41C-4962-8125-BB410DE6EDCE}.Release|Any CPU.Build.0 = Release|Any CPU
		{B8D821F8-9B78-4B66-B0CC-B74DF99C6D1C}.Debug|Any CPU.ActiveCfg = Debug|Any CPU
		{B8D821F8-9B78-4B66-B0CC-B74DF99C6D1C}.Debug|Any CPU.Build.0 = Debug|Any CPU
		{B8D821F8-9B78-4B66-B0CC-B74DF99C6D1C}.Release|Any CPU.ActiveCfg = Release|Any CPU
		{B8D821F8-9B78-4B66-B0CC-B74DF99C6D1C}.Release|Any CPU.Build.0 = Release|Any CPU
		{6C136879-4ABB-4E71-AD10-62AF892FBA96}.Debug|Any CPU.ActiveCfg = Debug|Any CPU
		{6C136879-4ABB-4E71-AD10-62AF892FBA96}.Debug|Any CPU.Build.0 = Debug|Any CPU
		{6C136879-4ABB-4E71-AD10-62AF892FBA96}.Release|Any CPU.ActiveCfg = Release|Any CPU
		{6C136879-4ABB-4E71-AD10-62AF892FBA96}.Release|Any CPU.Build.0 = Release|Any CPU
		{D5DF5E5E-34FD-4D9B-A3AB-09B44BD96BA2}.Debug|Any CPU.ActiveCfg = Debug|Any CPU
		{D5DF5E5E-34FD-4D9B-A3AB-09B44BD96BA2}.Debug|Any CPU.Build.0 = Debug|Any CPU
		{D5DF5E5E-34FD-4D9B-A3AB-09B44BD96BA2}.Release|Any CPU.ActiveCfg = Release|Any CPU
		{D5DF5E5E-34FD-4D9B-A3AB-09B44BD96BA2}.Release|Any CPU.Build.0 = Release|Any CPU
		{CEF21E4C-C7CB-4F9F-B29E-2A812ED2A2A1}.Debug|Any CPU.ActiveCfg = Debug|Any CPU
		{CEF21E4C-C7CB-4F9F-B29E-2A812ED2A2A1}.Debug|Any CPU.Build.0 = Debug|Any CPU
		{CEF21E4C-C7CB-4F9F-B29E-2A812ED2A2A1}.Release|Any CPU.ActiveCfg = Release|Any CPU
		{CEF21E4C-C7CB-4F9F-B29E-2A812ED2A2A1}.Release|Any CPU.Build.0 = Release|Any CPU
		{C6F62DA7-E020-4C09-818A-E698CB277CF7}.Debug|Any CPU.ActiveCfg = Debug|Any CPU
		{C6F62DA7-E020-4C09-818A-E698CB277CF7}.Debug|Any CPU.Build.0 = Debug|Any CPU
		{C6F62DA7-E020-4C09-818A-E698CB277CF7}.Release|Any CPU.ActiveCfg = Release|Any CPU
		{C6F62DA7-E020-4C09-818A-E698CB277CF7}.Release|Any CPU.Build.0 = Release|Any CPU
		{5F61C1A6-43F3-4087-8527-6DC514D0A09D}.Debug|Any CPU.ActiveCfg = Debug|Any CPU
		{5F61C1A6-43F3-4087-8527-6DC514D0A09D}.Debug|Any CPU.Build.0 = Debug|Any CPU
		{5F61C1A6-43F3-4087-8527-6DC514D0A09D}.Release|Any CPU.ActiveCfg = Release|Any CPU
		{5F61C1A6-43F3-4087-8527-6DC514D0A09D}.Release|Any CPU.Build.0 = Release|Any CPU
		{8798E215-6569-494C-BE70-D9CACC790DCC}.Debug|Any CPU.ActiveCfg = Debug|Any CPU
		{8798E215-6569-494C-BE70-D9CACC790DCC}.Debug|Any CPU.Build.0 = Debug|Any CPU
		{8798E215-6569-494C-BE70-D9CACC790DCC}.Release|Any CPU.ActiveCfg = Release|Any CPU
		{8798E215-6569-494C-BE70-D9CACC790DCC}.Release|Any CPU.Build.0 = Release|Any CPU
	EndGlobalSection
	GlobalSection(SolutionProperties) = preSolution
		HideSolutionNode = FALSE
	EndGlobalSection
	GlobalSection(ExtensibilityGlobals) = postSolution
		SolutionGuid = {69253288-67E2-40C8-A42A-3EC6D7C7982D}
	EndGlobalSection
EndGlobal
